
Microsoft Visual Studio Solution File, Format Version 12.00
# Visual Studio 15
VisualStudioVersion = 15.0.26730.10
MinimumVisualStudioVersion = 10.0.40219.1
Project("{8BC9CEB8-8B4A-11D0-8D11-00A0C91BC942}") = "Project1", "Project1\Project1.vcxproj", "{AC6EDD5A-1F81-44BE-A58F-4B92546DCE9C}"
EndProject
Global
	GlobalSection(SolutionConfigurationPlatforms) = preSolution
		Debug|x64 = Debug|x64
		Debug|x86 = Debug|x86
		Release|x64 = Release|x64
		Release|x86 = Release|x86
	EndGlobalSection
	GlobalSection(ProjectConfigurationPlatforms) = postSolution
		{AC6EDD5A-1F81-44BE-A58F-4B92546DCE9C}.Debug|x64.ActiveCfg = Debug|x64
		{AC6EDD5A-1F81-44BE-A58F-4B92546DCE9C}.Debug|x64.Build.0 = Debug|x64
		{AC6EDD5A-1F81-44BE-A58F-4B92546DCE9C}.Debug|x86.ActiveCfg = Debug|Win32
		{AC6EDD5A-1F81-44BE-A58F-4B92546DCE9C}.Debug|x86.Build.0 = Debug|Win32
		{AC6EDD5A-1F81-44BE-A58F-4B92546DCE9C}.Release|x64.ActiveCfg = Release|x64
		{AC6EDD5A-1F81-44BE-A58F-4B92546DCE9C}.Release|x64.Build.0 = Release|x64
		{AC6EDD5A-1F81-44BE-A58F-4B92546DCE9C}.Release|x86.ActiveCfg = Release|Win32
		{AC6EDD5A-1F81-44BE-A58F-4B92546DCE9C}.Release|x86.Build.0 = Release|Win32
	EndGlobalSection
	GlobalSection(SolutionProperties) = preSolution
		HideSolutionNode = FALSE
	EndGlobalSection
	GlobalSection(ExtensibilityGlobals) = postSolution
		SolutionGuid = {8484EB8B-BCE5-4D15-858F-9E0A34D51C7F}
	EndGlobalSection
EndGlobal
